// !$*UTF8*$!
{
	archiveVersion = 1;
	classes = {
	};
	objectVersion = 56;
	objects = {

/* Begin PBXBuildFile section */
		7D05D370296F354F001CB7B2 /* StorageManager.swift in Sources */ = {isa = PBXBuildFile; fileRef = 7D05D36F296F354F001CB7B2 /* StorageManager.swift */; };
		7D6F5866296E022000DBBB5A /* PrivateHomeView.swift in Sources */ = {isa = PBXBuildFile; fileRef = 7D6F5865296E022000DBBB5A /* PrivateHomeView.swift */; };
		7D6F5868296E046300DBBB5A /* LocalAuthenticationManager.swift in Sources */ = {isa = PBXBuildFile; fileRef = 7D6F5867296E046300DBBB5A /* LocalAuthenticationManager.swift */; };
		7D925CB9296DE4B700CB35F2 /* BiometricsDemoApp.swift in Sources */ = {isa = PBXBuildFile; fileRef = 7D925CB8296DE4B700CB35F2 /* BiometricsDemoApp.swift */; };
		7D925CBB296DE4B700CB35F2 /* ContentView.swift in Sources */ = {isa = PBXBuildFile; fileRef = 7D925CBA296DE4B700CB35F2 /* ContentView.swift */; };
		7D925CBD296DE4B800CB35F2 /* Assets.xcassets in Resources */ = {isa = PBXBuildFile; fileRef = 7D925CBC296DE4B800CB35F2 /* Assets.xcassets */; };
		7D925CC0296DE4B800CB35F2 /* Preview Assets.xcassets in Resources */ = {isa = PBXBuildFile; fileRef = 7D925CBF296DE4B800CB35F2 /* Preview Assets.xcassets */; };
		7DA2DE63296F48A60032985D /* LocalAuthenticationTests.swift in Sources */ = {isa = PBXBuildFile; fileRef = 7DA2DE62296F48A60032985D /* LocalAuthenticationTests.swift */; };
		7DA2DE66296F4C7D0032985D /* ContentViewModel.swift in Sources */ = {isa = PBXBuildFile; fileRef = 7DA2DE65296F4C7D0032985D /* ContentViewModel.swift */; };
		7DA2DE68296F4ED10032985D /* LoginWithLocalAuthenticationTests.swift in Sources */ = {isa = PBXBuildFile; fileRef = 7DA2DE67296F4ED10032985D /* LoginWithLocalAuthenticationTests.swift */; };
/* End PBXBuildFile section */

/* Begin PBXContainerItemProxy section */
		7D925CC6296DE4B800CB35F2 /* PBXContainerItemProxy */ = {
			isa = PBXContainerItemProxy;
			containerPortal = 7D925CAD296DE4B700CB35F2 /* Project object */;
			proxyType = 1;
			remoteGlobalIDString = 7D925CB4296DE4B700CB35F2;
			remoteInfo = BiometricsDemo;
		};
/* End PBXContainerItemProxy section */

/* Begin PBXFileReference section */
		7D05D36F296F354F001CB7B2 /* StorageManager.swift */ = {isa = PBXFileReference; lastKnownFileType = sourcecode.swift; path = StorageManager.swift; sourceTree = "<group>"; };
		7D6F5865296E022000DBBB5A /* PrivateHomeView.swift */ = {isa = PBXFileReference; lastKnownFileType = sourcecode.swift; path = PrivateHomeView.swift; sourceTree = "<group>"; };
		7D6F5867296E046300DBBB5A /* LocalAuthenticationManager.swift */ = {isa = PBXFileReference; lastKnownFileType = sourcecode.swift; path = LocalAuthenticationManager.swift; sourceTree = "<group>"; };
		7D925CB5296DE4B700CB35F2 /* BiometricsDemo.app */ = {isa = PBXFileReference; explicitFileType = wrapper.application; includeInIndex = 0; path = BiometricsDemo.app; sourceTree = BUILT_PRODUCTS_DIR; };
		7D925CB8296DE4B700CB35F2 /* BiometricsDemoApp.swift */ = {isa = PBXFileReference; lastKnownFileType = sourcecode.swift; path = BiometricsDemoApp.swift; sourceTree = "<group>"; };
		7D925CBA296DE4B700CB35F2 /* ContentView.swift */ = {isa = PBXFileReference; lastKnownFileType = sourcecode.swift; path = ContentView.swift; sourceTree = "<group>"; };
		7D925CBC296DE4B800CB35F2 /* Assets.xcassets */ = {isa = PBXFileReference; lastKnownFileType = folder.assetcatalog; path = Assets.xcassets; sourceTree = "<group>"; };
		7D925CBF296DE4B800CB35F2 /* Preview Assets.xcassets */ = {isa = PBXFileReference; lastKnownFileType = folder.assetcatalog; path = "Preview Assets.xcassets"; sourceTree = "<group>"; };
		7D925CC5296DE4B800CB35F2 /* BiometricsDemoTests.xctest */ = {isa = PBXFileReference; explicitFileType = wrapper.cfbundle; includeInIndex = 0; path = BiometricsDemoTests.xctest; sourceTree = BUILT_PRODUCTS_DIR; };
		7DA2DE62296F48A60032985D /* LocalAuthenticationTests.swift */ = {isa = PBXFileReference; lastKnownFileType = sourcecode.swift; path = LocalAuthenticationTests.swift; sourceTree = "<group>"; };
		7DA2DE65296F4C7D0032985D /* ContentViewModel.swift */ = {isa = PBXFileReference; lastKnownFileType = sourcecode.swift; path = ContentViewModel.swift; sourceTree = "<group>"; };
		7DA2DE67296F4ED10032985D /* LoginWithLocalAuthenticationTests.swift */ = {isa = PBXFileReference; lastKnownFileType = sourcecode.swift; path = LoginWithLocalAuthenticationTests.swift; sourceTree = "<group>"; };
/* End PBXFileReference section */

/* Begin PBXFrameworksBuildPhase section */
		7D925CB2296DE4B700CB35F2 /* Frameworks */ = {
			isa = PBXFrameworksBuildPhase;
			buildActionMask = 2147483647;
			files = (
			);
			runOnlyForDeploymentPostprocessing = 0;
		};
		7D925CC2296DE4B800CB35F2 /* Frameworks */ = {
			isa = PBXFrameworksBuildPhase;
			buildActionMask = 2147483647;
			files = (
			);
			runOnlyForDeploymentPostprocessing = 0;
		};
/* End PBXFrameworksBuildPhase section */

/* Begin PBXGroup section */
		7D925CAC296DE4B700CB35F2 = {
			isa = PBXGroup;
			children = (
				7D925CB7296DE4B700CB35F2 /* BiometricsDemo */,
				7D925CC8296DE4B800CB35F2 /* BiometricsDemoTests */,
				7D925CB6296DE4B700CB35F2 /* Products */,
			);
			sourceTree = "<group>";
		};
		7D925CB6296DE4B700CB35F2 /* Products */ = {
			isa = PBXGroup;
			children = (
				7D925CB5296DE4B700CB35F2 /* BiometricsDemo.app */,
				7D925CC5296DE4B800CB35F2 /* BiometricsDemoTests.xctest */,
			);
			name = Products;
			sourceTree = "<group>";
		};
		7D925CB7296DE4B700CB35F2 /* BiometricsDemo */ = {
			isa = PBXGroup;
			children = (
				7DA2DE64296F4C720032985D /* ViewModel */,
				7D925CB8296DE4B700CB35F2 /* BiometricsDemoApp.swift */,
				7D925CBA296DE4B700CB35F2 /* ContentView.swift */,
				7D925CBC296DE4B800CB35F2 /* Assets.xcassets */,
				7D925CBE296DE4B800CB35F2 /* Preview Content */,
				7D6F5865296E022000DBBB5A /* PrivateHomeView.swift */,
				7D6F5867296E046300DBBB5A /* LocalAuthenticationManager.swift */,
				7D05D36F296F354F001CB7B2 /* StorageManager.swift */,
			);
			path = BiometricsDemo;
			sourceTree = "<group>";
		};
		7D925CBE296DE4B800CB35F2 /* Preview Content */ = {
			isa = PBXGroup;
			children = (
				7D925CBF296DE4B800CB35F2 /* Preview Assets.xcassets */,
			);
			path = "Preview Content";
			sourceTree = "<group>";
		};
		7D925CC8296DE4B800CB35F2 /* BiometricsDemoTests */ = {
			isa = PBXGroup;
			children = (
				7DA2DE62296F48A60032985D /* LocalAuthenticationTests.swift */,
				7DA2DE67296F4ED10032985D /* LoginWithLocalAuthenticationTests.swift */,
			);
			path = BiometricsDemoTests;
			sourceTree = "<group>";
		};
		7DA2DE64296F4C720032985D /* ViewModel */ = {
			isa = PBXGroup;
			children = (
				7DA2DE65296F4C7D0032985D /* ContentViewModel.swift */,
			);
			path = ViewModel;
			sourceTree = "<group>";
		};
/* End PBXGroup section */

/* Begin PBXNativeTarget section */
		7D925CB4296DE4B700CB35F2 /* BiometricsDemo */ = {
			isa = PBXNativeTarget;
			buildConfigurationList = 7D925CD9296DE4B800CB35F2 /* Build configuration list for PBXNativeTarget "BiometricsDemo" */;
			buildPhases = (
				7D925CB1296DE4B700CB35F2 /* Sources */,
				7D925CB2296DE4B700CB35F2 /* Frameworks */,
				7D925CB3296DE4B700CB35F2 /* Resources */,
			);
			buildRules = (
			);
			dependencies = (
			);
			name = BiometricsDemo;
			productName = BiometricsDemo;
			productReference = 7D925CB5296DE4B700CB35F2 /* BiometricsDemo.app */;
			productType = "com.apple.product-type.application";
		};
		7D925CC4296DE4B800CB35F2 /* BiometricsDemoTests */ = {
			isa = PBXNativeTarget;
			buildConfigurationList = 7D925CDC296DE4B800CB35F2 /* Build configuration list for PBXNativeTarget "BiometricsDemoTests" */;
			buildPhases = (
				7D925CC1296DE4B800CB35F2 /* Sources */,
				7D925CC2296DE4B800CB35F2 /* Frameworks */,
				7D925CC3296DE4B800CB35F2 /* Resources */,
			);
			buildRules = (
			);
			dependencies = (
				7D925CC7296DE4B800CB35F2 /* PBXTargetDependency */,
			);
			name = BiometricsDemoTests;
			productName = BiometricsDemoTests;
			productReference = 7D925CC5296DE4B800CB35F2 /* BiometricsDemoTests.xctest */;
			productType = "com.apple.product-type.bundle.unit-test";
		};
/* End PBXNativeTarget section */

/* Begin PBXProject section */
		7D925CAD296DE4B700CB35F2 /* Project object */ = {
			isa = PBXProject;
			attributes = {
				BuildIndependentTargetsInParallel = 1;
				LastSwiftUpdateCheck = 1420;
				LastUpgradeCheck = 1420;
				TargetAttributes = {
					7D925CB4296DE4B700CB35F2 = {
						CreatedOnToolsVersion = 14.2;
					};
					7D925CC4296DE4B800CB35F2 = {
						CreatedOnToolsVersion = 14.2;
						TestTargetID = 7D925CB4296DE4B700CB35F2;
					};
				};
			};
			buildConfigurationList = 7D925CB0296DE4B700CB35F2 /* Build configuration list for PBXProject "BiometricsDemo" */;
			compatibilityVersion = "Xcode 14.0";
			developmentRegion = en;
			hasScannedForEncodings = 0;
			knownRegions = (
				en,
				Base,
			);
			mainGroup = 7D925CAC296DE4B700CB35F2;
			productRefGroup = 7D925CB6296DE4B700CB35F2 /* Products */;
			projectDirPath = "";
			projectRoot = "";
			targets = (
				7D925CB4296DE4B700CB35F2 /* BiometricsDemo */,
				7D925CC4296DE4B800CB35F2 /* BiometricsDemoTests */,
			);
		};
/* End PBXProject section */

/* Begin PBXResourcesBuildPhase section */
		7D925CB3296DE4B700CB35F2 /* Resources */ = {
			isa = PBXResourcesBuildPhase;
			buildActionMask = 2147483647;
			files = (
				7D925CC0296DE4B800CB35F2 /* Preview Assets.xcassets in Resources */,
				7D925CBD296DE4B800CB35F2 /* Assets.xcassets in Resources */,
			);
			runOnlyForDeploymentPostprocessing = 0;
		};
		7D925CC3296DE4B800CB35F2 /* Resources */ = {
			isa = PBXResourcesBuildPhase;
			buildActionMask = 2147483647;
			files = (
			);
			runOnlyForDeploymentPostprocessing = 0;
		};
/* End PBXResourcesBuildPhase section */

/* Begin PBXSourcesBuildPhase section */
		7D925CB1296DE4B700CB35F2 /* Sources */ = {
			isa = PBXSourcesBuildPhase;
			buildActionMask = 2147483647;
			files = (
				7D925CBB296DE4B700CB35F2 /* ContentView.swift in Sources */,
				7D925CB9296DE4B700CB35F2 /* BiometricsDemoApp.swift in Sources */,
				7DA2DE66296F4C7D0032985D /* ContentViewModel.swift in Sources */,
				7D05D370296F354F001CB7B2 /* StorageManager.swift in Sources */,
				7D6F5868296E046300DBBB5A /* LocalAuthenticationManager.swift in Sources */,
				7D6F5866296E022000DBBB5A /* PrivateHomeView.swift in Sources */,
			);
			runOnlyForDeploymentPostprocessing = 0;
		};
		7D925CC1296DE4B800CB35F2 /* Sources */ = {
			isa = PBXSourcesBuildPhase;
			buildActionMask = 2147483647;
			files = (
				7DA2DE63296F48A60032985D /* LocalAuthenticationTests.swift in Sources */,
				7DA2DE68296F4ED10032985D /* LoginWithLocalAuthenticationTests.swift in Sources */,
			);
			runOnlyForDeploymentPostprocessing = 0;
		};
/* End PBXSourcesBuildPhase section */

/* Begin PBXTargetDependency section */
		7D925CC7296DE4B800CB35F2 /* PBXTargetDependency */ = {
			isa = PBXTargetDependency;
			target = 7D925CB4296DE4B700CB35F2 /* BiometricsDemo */;
			targetProxy = 7D925CC6296DE4B800CB35F2 /* PBXContainerItemProxy */;
		};
/* End PBXTargetDependency section */

/* Begin XCBuildConfiguration section */
		7D925CD7296DE4B800CB35F2 /* Debug */ = {
			isa = XCBuildConfiguration;
			buildSettings = {
				ALWAYS_SEARCH_USER_PATHS = NO;
				CLANG_ANALYZER_NONNULL = YES;
				CLANG_ANALYZER_NUMBER_OBJECT_CONVERSION = YES_AGGRESSIVE;
				CLANG_CXX_LANGUAGE_STANDARD = "gnu++20";
				CLANG_ENABLE_MODULES = YES;
				CLANG_ENABLE_OBJC_ARC = YES;
				CLANG_ENABLE_OBJC_WEAK = YES;
				CLANG_WARN_BLOCK_CAPTURE_AUTORELEASING = YES;
				CLANG_WARN_BOOL_CONVERSION = YES;
				CLANG_WARN_COMMA = YES;
				CLANG_WARN_CONSTANT_CONVERSION = YES;
				CLANG_WARN_DEPRECATED_OBJC_IMPLEMENTATIONS = YES;
				CLANG_WARN_DIRECT_OBJC_ISA_USAGE = YES_ERROR;
				CLANG_WARN_DOCUMENTATION_COMMENTS = YES;
				CLANG_WARN_EMPTY_BODY = YES;
				CLANG_WARN_ENUM_CONVERSION = YES;
				CLANG_WARN_INFINITE_RECURSION = YES;
				CLANG_WARN_INT_CONVERSION = YES;
				CLANG_WARN_NON_LITERAL_NULL_CONVERSION = YES;
				CLANG_WARN_OBJC_IMPLICIT_RETAIN_SELF = YES;
				CLANG_WARN_OBJC_LITERAL_CONVERSION = YES;
				CLANG_WARN_OBJC_ROOT_CLASS = YES_ERROR;
				CLANG_WARN_QUOTED_INCLUDE_IN_FRAMEWORK_HEADER = YES;
				CLANG_WARN_RANGE_LOOP_ANALYSIS = YES;
				CLANG_WARN_STRICT_PROTOTYPES = YES;
				CLANG_WARN_SUSPICIOUS_MOVE = YES;
				CLANG_WARN_UNGUARDED_AVAILABILITY = YES_AGGRESSIVE;
				CLANG_WARN_UNREACHABLE_CODE = YES;
				CLANG_WARN__DUPLICATE_METHOD_MATCH = YES;
				COPY_PHASE_STRIP = NO;
				DEBUG_INFORMATION_FORMAT = dwarf;
				ENABLE_STRICT_OBJC_MSGSEND = YES;
				ENABLE_TESTABILITY = YES;
				GCC_C_LANGUAGE_STANDARD = gnu11;
				GCC_DYNAMIC_NO_PIC = NO;
				GCC_NO_COMMON_BLOCKS = YES;
				GCC_OPTIMIZATION_LEVEL = 0;
				GCC_PREPROCESSOR_DEFINITIONS = (
					"DEBUG=1",
					"$(inherited)",
				);
				GCC_WARN_64_TO_32_BIT_CONVERSION = YES;
				GCC_WARN_ABOUT_RETURN_TYPE = YES_ERROR;
				GCC_WARN_UNDECLARED_SELECTOR = YES;
				GCC_WARN_UNINITIALIZED_AUTOS = YES_AGGRESSIVE;
				GCC_WARN_UNUSED_FUNCTION = YES;
				GCC_WARN_UNUSED_VARIABLE = YES;
				IPHONEOS_DEPLOYMENT_TARGET = 16.2;
				MTL_ENABLE_DEBUG_INFO = INCLUDE_SOURCE;
				MTL_FAST_MATH = YES;
				ONLY_ACTIVE_ARCH = YES;
				SDKROOT = iphoneos;
				SWIFT_ACTIVE_COMPILATION_CONDITIONS = DEBUG;
				SWIFT_OPTIMIZATION_LEVEL = "-Onone";
			};
			name = Debug;
		};
		7D925CD8296DE4B800CB35F2 /* Release */ = {
			isa = XCBuildConfiguration;
			buildSettings = {
				ALWAYS_SEARCH_USER_PATHS = NO;
				CLANG_ANALYZER_NONNULL = YES;
				CLANG_ANALYZER_NUMBER_OBJECT_CONVERSION = YES_AGGRESSIVE;
				CLANG_CXX_LANGUAGE_STANDARD = "gnu++20";
				CLANG_ENABLE_MODULES = YES;
				CLANG_ENABLE_OBJC_ARC = YES;
				CLANG_ENABLE_OBJC_WEAK = YES;
				CLANG_WARN_BLOCK_CAPTURE_AUTORELEASING = YES;
				CLANG_WARN_BOOL_CONVERSION = YES;
				CLANG_WARN_COMMA = YES;
				CLANG_WARN_CONSTANT_CONVERSION = YES;
				CLANG_WARN_DEPRECATED_OBJC_IMPLEMENTATIONS = YES;
				CLANG_WARN_DIRECT_OBJC_ISA_USAGE = YES_ERROR;
				CLANG_WARN_DOCUMENTATION_COMMENTS = YES;
				CLANG_WARN_EMPTY_BODY = YES;
				CLANG_WARN_ENUM_CONVERSION = YES;
				CLANG_WARN_INFINITE_RECURSION = YES;
				CLANG_WARN_INT_CONVERSION = YES;
				CLANG_WARN_NON_LITERAL_NULL_CONVERSION = YES;
				CLANG_WARN_OBJC_IMPLICIT_RETAIN_SELF = YES;
				CLANG_WARN_OBJC_LITERAL_CONVERSION = YES;
				CLANG_WARN_OBJC_ROOT_CLASS = YES_ERROR;
				CLANG_WARN_QUOTED_INCLUDE_IN_FRAMEWORK_HEADER = YES;
				CLANG_WARN_RANGE_LOOP_ANALYSIS = YES;
				CLANG_WARN_STRICT_PROTOTYPES = YES;
				CLANG_WARN_SUSPICIOUS_MOVE = YES;
				CLANG_WARN_UNGUARDED_AVAILABILITY = YES_AGGRESSIVE;
				CLANG_WARN_UNREACHABLE_CODE = YES;
				CLANG_WARN__DUPLICATE_METHOD_MATCH = YES;
				COPY_PHASE_STRIP = NO;
				DEBUG_INFORMATION_FORMAT = "dwarf-with-dsym";
				ENABLE_NS_ASSERTIONS = NO;
				ENABLE_STRICT_OBJC_MSGSEND = YES;
				GCC_C_LANGUAGE_STANDARD = gnu11;
				GCC_NO_COMMON_BLOCKS = YES;
				GCC_WARN_64_TO_32_BIT_CONVERSION = YES;
				GCC_WARN_ABOUT_RETURN_TYPE = YES_ERROR;
				GCC_WARN_UNDECLARED_SELECTOR = YES;
				GCC_WARN_UNINITIALIZED_AUTOS = YES_AGGRESSIVE;
				GCC_WARN_UNUSED_FUNCTION = YES;
				GCC_WARN_UNUSED_VARIABLE = YES;
				IPHONEOS_DEPLOYMENT_TARGET = 16.2;
				MTL_ENABLE_DEBUG_INFO = NO;
				MTL_FAST_MATH = YES;
				SDKROOT = iphoneos;
				SWIFT_COMPILATION_MODE = wholemodule;
				SWIFT_OPTIMIZATION_LEVEL = "-O";
				VALIDATE_PRODUCT = YES;
			};
			name = Release;
		};
		7D925CDA296DE4B800CB35F2 /* Debug */ = {
			isa = XCBuildConfiguration;
			buildSettings = {
				ASSETCATALOG_COMPILER_APPICON_NAME = AppIcon;
				ASSETCATALOG_COMPILER_GLOBAL_ACCENT_COLOR_NAME = AccentColor;
				CODE_SIGN_STYLE = Automatic;
				CURRENT_PROJECT_VERSION = 1;
				DEVELOPMENT_ASSET_PATHS = "\"BiometricsDemo/Preview Content\"";
				DEVELOPMENT_TEAM = W9BTGP7CTA;
				ENABLE_PREVIEWS = YES;
				GENERATE_INFOPLIST_FILE = YES;
				INFOPLIST_KEY_NSFaceIDUsageDescription = "App needs FaceID";
				INFOPLIST_KEY_UIApplicationSceneManifest_Generation = YES;
				INFOPLIST_KEY_UIApplicationSupportsIndirectInputEvents = YES;
				INFOPLIST_KEY_UILaunchScreen_Generation = YES;
				INFOPLIST_KEY_UISupportedInterfaceOrientations_iPad = "UIInterfaceOrientationPortrait UIInterfaceOrientationPortraitUpsideDown UIInterfaceOrientationLandscapeLeft UIInterfaceOrientationLandscapeRight";
				INFOPLIST_KEY_UISupportedInterfaceOrientations_iPhone = "UIInterfaceOrientationPortrait UIInterfaceOrientationLandscapeLeft UIInterfaceOrientationLandscapeRight";
				LD_RUNPATH_SEARCH_PATHS = (
					"$(inherited)",
					"@executable_path/Frameworks",
				);
				MARKETING_VERSION = 1.0;
				PRODUCT_BUNDLE_IDENTIFIER = com.joulessoft.BiometricsDemo;
				PRODUCT_NAME = "$(TARGET_NAME)";
				SWIFT_EMIT_LOC_STRINGS = YES;
				SWIFT_VERSION = 5.0;
				TARGETED_DEVICE_FAMILY = "1,2";
			};
			name = Debug;
		};
		7D925CDB296DE4B800CB35F2 /* Release */ = {
			isa = XCBuildConfiguration;
			buildSettings = {
				ASSETCATALOG_COMPILER_APPICON_NAME = AppIcon;
				ASSETCATALOG_COMPILER_GLOBAL_ACCENT_COLOR_NAME = AccentColor;
				CODE_SIGN_STYLE = Automatic;
				CURRENT_PROJECT_VERSION = 1;
				DEVELOPMENT_ASSET_PATHS = "\"BiometricsDemo/Preview Content\"";
				DEVELOPMENT_TEAM = W9BTGP7CTA;
				ENABLE_PREVIEWS = YES;
				GENERATE_INFOPLIST_FILE = YES;
				INFOPLIST_KEY_NSFaceIDUsageDescription = "App needs FaceID";
				INFOPLIST_KEY_UIApplicationSceneManifest_Generation = YES;
				INFOPLIST_KEY_UIApplicationSupportsIndirectInputEvents = YES;
				INFOPLIST_KEY_UILaunchScreen_Generation = YES;
				INFOPLIST_KEY_UISupportedInterfaceOrientations_iPad = "UIInterfaceOrientationPortrait UIInterfaceOrientationPortraitUpsideDown UIInterfaceOrientationLandscapeLeft UIInterfaceOrientationLandscapeRight";
				INFOPLIST_KEY_UISupportedInterfaceOrientations_iPhone = "UIInterfaceOrientationPortrait UIInterfaceOrientationLandscapeLeft UIInterfaceOrientationLandscapeRight";
				LD_RUNPATH_SEARCH_PATHS = (
					"$(inherited)",
					"@executable_path/Frameworks",
				);
				MARKETING_VERSION = 1.0;
				PRODUCT_BUNDLE_IDENTIFIER = com.joulessoft.BiometricsDemo;
				PRODUCT_NAME = "$(TARGET_NAME)";
				SWIFT_EMIT_LOC_STRINGS = YES;
				SWIFT_VERSION = 5.0;
				TARGETED_DEVICE_FAMILY = "1,2";
			};
			name = Release;
		};
		7D925CDD296DE4B800CB35F2 /* Debug */ = {
			isa = XCBuildConfiguration;
			buildSettings = {
				ALWAYS_EMBED_SWIFT_STANDARD_LIBRARIES = YES;
				BUNDLE_LOADER = "$(TEST_HOST)";
				CODE_SIGN_STYLE = Automatic;
				CURRENT_PROJECT_VERSION = 1;
				DEVELOPMENT_TEAM = W9BTGP7CTA;
				GENERATE_INFOPLIST_FILE = YES;
				IPHONEOS_DEPLOYMENT_TARGET = 16.2;
				MARKETING_VERSION = 1.0;
				PRODUCT_BUNDLE_IDENTIFIER = com.joulessoft.BiometricsDemoTests;
				PRODUCT_NAME = "$(TARGET_NAME)";
				SWIFT_EMIT_LOC_STRINGS = NO;
				SWIFT_VERSION = 5.0;
				TARGETED_DEVICE_FAMILY = "1,2";
				TEST_HOST = "$(BUILT_PRODUCTS_DIR)/BiometricsDemo.app/$(BUNDLE_EXECUTABLE_FOLDER_PATH)/BiometricsDemo";
			};
			name = Debug;
		};
		7D925CDE296DE4B800CB35F2 /* Release */ = {
			isa = XCBuildConfiguration;
			buildSettings = {
				ALWAYS_EMBED_SWIFT_STANDARD_LIBRARIES = YES;
				BUNDLE_LOADER = "$(TEST_HOST)";
				CODE_SIGN_STYLE = Automatic;
				CURRENT_PROJECT_VERSION = 1;
				DEVELOPMENT_TEAM = W9BTGP7CTA;
				GENERATE_INFOPLIST_FILE = YES;
				IPHONEOS_DEPLOYMENT_TARGET = 16.2;
				MARKETING_VERSION = 1.0;
				PRODUCT_BUNDLE_IDENTIFIER = com.joulessoft.BiometricsDemoTests;
				PRODUCT_NAME = "$(TARGET_NAME)";
				SWIFT_EMIT_LOC_STRINGS = NO;
				SWIFT_VERSION = 5.0;
				TARGETED_DEVICE_FAMILY = "1,2";
				TEST_HOST = "$(BUILT_PRODUCTS_DIR)/BiometricsDemo.app/$(BUNDLE_EXECUTABLE_FOLDER_PATH)/BiometricsDemo";
			};
			name = Release;
		};
/* End XCBuildConfiguration section */

/* Begin XCConfigurationList section */
		7D925CB0296DE4B700CB35F2 /* Build configuration list for PBXProject "BiometricsDemo" */ = {
			isa = XCConfigurationList;
			buildConfigurations = (
				7D925CD7296DE4B800CB35F2 /* Debug */,
				7D925CD8296DE4B800CB35F2 /* Release */,
			);
			defaultConfigurationIsVisible = 0;
			defaultConfigurationName = Release;
		};
		7D925CD9296DE4B800CB35F2 /* Build configuration list for PBXNativeTarget "BiometricsDemo" */ = {
			isa = XCConfigurationList;
			buildConfigurations = (
				7D925CDA296DE4B800CB35F2 /* Debug */,
				7D925CDB296DE4B800CB35F2 /* Release */,
			);
			defaultConfigurationIsVisible = 0;
			defaultConfigurationName = Release;
		};
		7D925CDC296DE4B800CB35F2 /* Build configuration list for PBXNativeTarget "BiometricsDemoTests" */ = {
			isa = XCConfigurationList;
			buildConfigurations = (
				7D925CDD296DE4B800CB35F2 /* Debug */,
				7D925CDE296DE4B800CB35F2 /* Release */,
			);
			defaultConfigurationIsVisible = 0;
			defaultConfigurationName = Release;
		};
/* End XCConfigurationList section */
	};
	rootObject = 7D925CAD296DE4B700CB35F2 /* Project object */;
}
